
Microsoft Visual Studio Solution File, Format Version 12.00
# Visual Studio 15
Project("{FAE04EC0-301F-11D3-BF4B-00C04F79EFBC}") = "Assembly-CSharp", "Assembly-CSharp.csproj", "{3B7DBE46-8B2D-F9FE-13DF-9B4A4185E4FE}"
EndProject
Project("{FAE04EC0-301F-11D3-BF4B-00C04F79EFBC}") = "Unity.RenderPipelines.Core.Runtime", "Unity.RenderPipelines.Core.Runtime.csproj", "{4CC45BC4-A935-2725-936D-E915181AEB8D}"
EndProject
Project("{FAE04EC0-301F-11D3-BF4B-00C04F79EFBC}") = "UnityEngine.UI", "UnityEngine.UI.csproj", "{2714DAEA-70C5-83A7-BB79-18F8ABA069B2}"
EndProject
Project("{FAE04EC0-301F-11D3-BF4B-00C04F79EFBC}") = "UnityEngine.TestRunner", "UnityEngine.TestRunner.csproj", "{FC9201F3-1E17-10BA-AFD0-47A56F0DE485}"
EndProject
Project("{FAE04EC0-301F-11D3-BF4B-00C04F79EFBC}") = "Unity.InputSystem", "Unity.InputSystem.csproj", "{E697448C-8D46-6714-3E4F-0DA9C315D3F5}"
EndProject
Project("{FAE04EC0-301F-11D3-BF4B-00C04F79EFBC}") = "Unity.VisualScripting.State", "Unity.VisualScripting.State.csproj", "{DD00A031-7BD3-8783-C338-B7D0C5B55FBB}"
EndProject
Project("{FAE04EC0-301F-11D3-BF4B-00C04F79EFBC}") = "Unity.RenderPipelines.Universal.Runtime", "Unity.RenderPipelines.Universal.Runtime.csproj", "{18AE4E2F-AA4D-5239-0D05-DF36442FE62F}"
EndProject
Project("{FAE04EC0-301F-11D3-BF4B-00C04F79EFBC}") = "Boxophobic.Utils.Scripts", "Boxophobic.Utils.Scripts.csproj", "{0AB05AE4-912A-62B4-62DC-881B79A732D2}"
EndProject
Project("{FAE04EC0-301F-11D3-BF4B-00C04F79EFBC}") = "Unity.VisualScripting.Flow", "Unity.VisualScripting.Flow.csproj", "{84A2D35D-9C4D-E525-345C-90E7782D91E5}"
EndProject
Project("{FAE04EC0-301F-11D3-BF4B-00C04F79EFBC}") = "Unity.VisualScripting.Core", "Unity.VisualScripting.Core.csproj", "{902F61F3-3D85-0C83-2E1F-688E7E22E3C3}"
EndProject
Project("{FAE04EC0-301F-11D3-BF4B-00C04F79EFBC}") = "Unity.TextMeshPro", "Unity.TextMeshPro.csproj", "{096D34D8-CD71-1DFC-FADF-D8595E1496E5}"
EndProject
Project("{FAE04EC0-301F-11D3-BF4B-00C04F79EFBC}") = "Unity.RenderPipeline.Universal.ShaderLibrary", "Unity.RenderPipeline.Universal.ShaderLibrary.csproj", "{852A2F28-D6A4-D081-2D9F-672233399557}"
EndProject
Project("{FAE04EC0-301F-11D3-BF4B-00C04F79EFBC}") = "Unity.ProBuilder.Poly2Tri", "Unity.ProBuilder.Poly2Tri.csproj", "{8AEDBAEA-7AA9-2CD2-BDF7-EFC023AA9731}"
EndProject
Project("{FAE04EC0-301F-11D3-BF4B-00C04F79EFBC}") = "Unity.ProBuilder", "Unity.ProBuilder.csproj", "{A4641CB4-E354-24C1-D69D-BB3AF7B74895}"
EndProject
Project("{FAE04EC0-301F-11D3-BF4B-00C04F79EFBC}") = "Unity.Burst", "Unity.Burst.csproj", "{008B63B0-4DB3-7088-A2BD-1C699F0198F3}"
EndProject
Project("{FAE04EC0-301F-11D3-BF4B-00C04F79EFBC}") = "Unity.Timeline", "Unity.Timeline.csproj", "{491A9FF2-4984-6BBB-7D0E-867E29534F0C}"
EndProject
Project("{FAE04EC0-301F-11D3-BF4B-00C04F79EFBC}") = "Unity.Mathematics", "Unity.Mathematics.csproj", "{591BB3AE-4D05-54D3-71DE-CBCB9E094325}"
EndProject
Project("{FAE04EC0-301F-11D3-BF4B-00C04F79EFBC}") = "Unity.ProBuilder.KdTree", "Unity.ProBuilder.KdTree.csproj", "{EC6E1A92-422E-6141-8E05-B5F83FEBA018}"
EndProject
Project("{FAE04EC0-301F-11D3-BF4B-00C04F79EFBC}") = "Unity.ProBuilder.Csg", "Unity.ProBuilder.Csg.csproj", "{ADF1CDC0-7DFE-240E-3834-99B5C485B410}"
EndProject
Project("{FAE04EC0-301F-11D3-BF4B-00C04F79EFBC}") = "Unity.ProBuilder.Stl", "Unity.ProBuilder.Stl.csproj", "{5BBF3339-3637-E11D-FD1B-187F5E163CB1}"
EndProject
Project("{FAE04EC0-301F-11D3-BF4B-00C04F79EFBC}") = "Unity.RenderPipelines.ShaderGraph.ShaderGraphLibrary", "Unity.RenderPipelines.ShaderGraph.ShaderGraphLibrary.csproj", "{7019C3B0-BB99-704B-6A3B-C7E3CAE322F8}"
EndProject
Project("{FAE04EC0-301F-11D3-BF4B-00C04F79EFBC}") = "Unity.InputSystem.ForUI", "Unity.InputSystem.ForUI.csproj", "{B31AC34F-08CE-4283-AE71-C7A3A91C6223}"
EndProject
Project("{FAE04EC0-301F-11D3-BF4B-00C04F79EFBC}") = "Unity.InputSystem.TestFramework", "Unity.InputSystem.TestFramework.csproj", "{40ABE856-BB8C-742F-33D5-A7C7F119050F}"
EndProject
Project("{FAE04EC0-301F-11D3-BF4B-00C04F79EFBC}") = "Unity.RenderPipelines.Core.ShaderLibrary", "Unity.RenderPipelines.Core.ShaderLibrary.csproj", "{BB430DB5-3040-5927-2454-7193F25EE39F}"
EndProject
Project("{FAE04EC0-301F-11D3-BF4B-00C04F79EFBC}") = "Unity.RenderPipelines.Universal.Shaders", "Unity.RenderPipelines.Universal.Shaders.csproj", "{B157401E-8FD3-0A89-518A-CED6FF0F2BB7}"
EndProject
Project("{FAE04EC0-301F-11D3-BF4B-00C04F79EFBC}") = "Unity.PlasticSCM.Editor", "Unity.PlasticSCM.Editor.csproj", "{9AE80CEF-AECE-7FCD-F0E3-1255C1BF78EF}"
EndProject
Project("{FAE04EC0-301F-11D3-BF4B-00C04F79EFBC}") = "Unity.VisualScripting.Core.Editor", "Unity.VisualScripting.Core.Editor.csproj", "{AE08579D-60F6-57CA-CEB6-8A17BB6B5FCB}"
EndProject
Project("{FAE04EC0-301F-11D3-BF4B-00C04F79EFBC}") = "Unity.ShaderGraph.Editor", "Unity.ShaderGraph.Editor.csproj", "{F6159548-4A5A-44A9-F68B-79385DCDEFE1}"
EndProject
Project("{FAE04EC0-301F-11D3-BF4B-00C04F79EFBC}") = "Unity.Timeline.Editor", "Unity.Timeline.Editor.csproj", "{1A1D8174-1354-8CF3-860A-1F332AD02F7A}"
EndProject
Project("{FAE04EC0-301F-11D3-BF4B-00C04F79EFBC}") = "Unity.ProBuilder.Editor", "Unity.ProBuilder.Editor.csproj", "{CF386633-A073-8B61-7461-4A409923B080}"
EndProject
Project("{FAE04EC0-301F-11D3-BF4B-00C04F79EFBC}") = "Unity.Burst.CodeGen", "Unity.Burst.CodeGen.csproj", "{4E73E33B-82BC-19D9-39A6-C912B16A1DB9}"
EndProject
Project("{FAE04EC0-301F-11D3-BF4B-00C04F79EFBC}") = "Unity.RenderPipelines.Universal.Editor", "Unity.RenderPipelines.Universal.Editor.csproj", "{CE3C41A3-67F4-1EFF-4B4D-9B03A803C07A}"
EndProject
Project("{FAE04EC0-301F-11D3-BF4B-00C04F79EFBC}") = "Unity.TextMeshPro.Editor", "Unity.TextMeshPro.Editor.csproj", "{69C17B26-65CA-CBBB-244D-775752E09CB8}"
EndProject
Project("{FAE04EC0-301F-11D3-BF4B-00C04F79EFBC}") = "Unity.Burst.Editor", "Unity.Burst.Editor.csproj", "{37E1E444-DE75-CFE0-CD75-D4AAA9BFE65A}"
EndProject
Project("{FAE04EC0-301F-11D3-BF4B-00C04F79EFBC}") = "Unity.VisualScripting.SettingsProvider.Editor", "Unity.VisualScripting.SettingsProvider.Editor.csproj", "{FC9D9AAF-A800-1F9E-0C6B-29E3A482F4E6}"
EndProject
Project("{FAE04EC0-301F-11D3-BF4B-00C04F79EFBC}") = "UnityEditor.TestRunner", "UnityEditor.TestRunner.csproj", "{2B37E0D2-5A8E-5911-B6E4-EA380205C2F4}"
EndProject
Project("{FAE04EC0-301F-11D3-BF4B-00C04F79EFBC}") = "Unity.TestTools.CodeCoverage.Editor", "Unity.TestTools.CodeCoverage.Editor.csproj", "{34F1713D-6CFC-6C71-4FB5-BAE6AB7B6CDE}"
EndProject
Project("{FAE04EC0-301F-11D3-BF4B-00C04F79EFBC}") = "Unity.VisualScripting.Flow.Editor", "Unity.VisualScripting.Flow.Editor.csproj", "{0DD8B726-F894-3E3F-5B53-27CF16087640}"
EndProject
Project("{FAE04EC0-301F-11D3-BF4B-00C04F79EFBC}") = "Unity.Rider.Editor", "Unity.Rider.Editor.csproj", "{EBC10995-1079-5D49-4C50-B8A129742395}"
EndProject
Project("{FAE04EC0-301F-11D3-BF4B-00C04F79EFBC}") = "Unity.Performance.Profile-Analyzer.Editor", "Unity.Performance.Profile-Analyzer.Editor.csproj", "{FF330CFF-5464-040C-A6D0-A5C0CA742B2B}"
EndProject
Project("{FAE04EC0-301F-11D3-BF4B-00C04F79EFBC}") = "Unity.RenderPipelines.Core.Editor", "Unity.RenderPipelines.Core.Editor.csproj", "{8EECBDE8-A47D-F6A6-BF8B-3D6CF6BBAF6C}"
EndProject
Project("{FAE04EC0-301F-11D3-BF4B-00C04F79EFBC}") = "Boxophobic.Utils.Editor", "Boxophobic.Utils.Editor.csproj", "{49584741-3DEC-2E26-ECEA-595DBDF06DE1}"
EndProject
Project("{FAE04EC0-301F-11D3-BF4B-00C04F79EFBC}") = "Unity.VSCode.Editor", "Unity.VSCode.Editor.csproj", "{ECF3AF9E-A2BF-E6EE-BACF-3A2799C4B664}"
EndProject
Project("{FAE04EC0-301F-11D3-BF4B-00C04F79EFBC}") = "Unity.VisualStudio.Editor", "Unity.VisualStudio.Editor.csproj", "{95E19D6D-222F-4174-537F-67CACEAFD569}"
EndProject
Project("{FAE04EC0-301F-11D3-BF4B-00C04F79EFBC}") = "Unity.TestTools.CodeCoverage.Editor.OpenCover.Model", "Unity.TestTools.CodeCoverage.Editor.OpenCover.Model.csproj", "{A061F763-11A0-E174-9167-3C469F118CAF}"
EndProject
Project("{FAE04EC0-301F-11D3-BF4B-00C04F79EFBC}") = "Unity.Settings.Editor", "Unity.Settings.Editor.csproj", "{5DE5F615-4106-AE9D-EABE-961B35B46430}"
EndProject
Project("{FAE04EC0-301F-11D3-BF4B-00C04F79EFBC}") = "PPv2URPConverters", "PPv2URPConverters.csproj", "{82533018-07F0-275F-46BF-CA0BA3794178}"
EndProject
Project("{FAE04EC0-301F-11D3-BF4B-00C04F79EFBC}") = "Unity.2D.Sprite.Editor", "Unity.2D.Sprite.Editor.csproj", "{45C2D20C-B596-3913-46BC-9A5579CD0AFE}"
EndProject
Project("{FAE04EC0-301F-11D3-BF4B-00C04F79EFBC}") = "Unity.CollabProxy.Editor", "Unity.CollabProxy.Editor.csproj", "{AF4BF2B0-7A3C-5D2E-10D1-73F1BE7F73C4}"
EndProject
Project("{FAE04EC0-301F-11D3-BF4B-00C04F79EFBC}") = "Unity.VisualScripting.State.Editor", "Unity.VisualScripting.State.Editor.csproj", "{3AC29E35-9178-EA8D-3AC0-C6CB3CEA36A0}"
EndProject
Project("{FAE04EC0-301F-11D3-BF4B-00C04F79EFBC}") = "UnityEditor.UI", "UnityEditor.UI.csproj", "{F422927C-8C7F-18CB-E3EA-F2B9A1A32DE6}"
EndProject
Project("{FAE04EC0-301F-11D3-BF4B-00C04F79EFBC}") = "Unity.Searcher.Editor", "Unity.Searcher.Editor.csproj", "{46A2260F-F5E7-0128-051A-860F90DB29D5}"
EndProject
Project("{FAE04EC0-301F-11D3-BF4B-00C04F79EFBC}") = "Unity.ProBuilder.AssetIdRemapUtility", "Unity.ProBuilder.AssetIdRemapUtility.csproj", "{B03F59F2-D580-10D8-A6ED-43276D7CF61E}"
EndProject
Project("{FAE04EC0-301F-11D3-BF4B-00C04F79EFBC}") = "Unity.ShaderGraph.Utilities", "Unity.ShaderGraph.Utilities.csproj", "{39D21167-6147-5386-4CA0-6B6768ADC5F6}"
EndProject
Project("{FAE04EC0-301F-11D3-BF4B-00C04F79EFBC}") = "Unity.Mathematics.Editor", "Unity.Mathematics.Editor.csproj", "{561126DA-0EE2-8A79-186C-88535ADC26D6}"
EndProject
Project("{FAE04EC0-301F-11D3-BF4B-00C04F79EFBC}") = "Unity.TestTools.CodeCoverage.Editor.OpenCover.Mono.Reflection", "Unity.TestTools.CodeCoverage.Editor.OpenCover.Mono.Reflection.csproj", "{FC7DF374-32A8-D573-A854-BD3835E645FC}"
EndProject
Project("{FAE04EC0-301F-11D3-BF4B-00C04F79EFBC}") = "Unity.ProBuilder.AddOns.Editor", "Unity.ProBuilder.AddOns.Editor.csproj", "{DCA71D16-4793-292D-EC68-D876253CCEB7}"
EndProject
Project("{FAE04EC0-301F-11D3-BF4B-00C04F79EFBC}") = "Unity.EditorCoroutines.Editor", "Unity.EditorCoroutines.Editor.csproj", "{26BECE8B-5040-EE0C-ADFC-391BEE6E21B9}"
EndProject
Project("{FAE04EC0-301F-11D3-BF4B-00C04F79EFBC}") = "Sirenix.OdinInspector.Modules.UnityMathematics", "Sirenix.OdinInspector.Modules.UnityMathematics.csproj", "{3D44C4C8-404E-51AD-4960-BF33F1F1F543}"
EndProject
Project("{FAE04EC0-301F-11D3-BF4B-00C04F79EFBC}") = "Unity.VisualScripting.Shared.Editor", "Unity.VisualScripting.Shared.Editor.csproj", "{5D12A12A-4D61-AED6-975D-9FD314734879}"
EndProject
Project("{FAE04EC0-301F-11D3-BF4B-00C04F79EFBC}") = "Boxophobic.SkyboxCubemapExtended.Editor", "Boxophobic.SkyboxCubemapExtended.Editor.csproj", "{F6FE8DB8-7ACA-190D-788B-BACF1393977B}"
EndProject
Global
	GlobalSection(SolutionConfigurationPlatforms) = preSolution
		Debug|Any CPU = Debug|Any CPU
		Release|Any CPU = Release|Any CPU
	EndGlobalSection
	GlobalSection(ProjectConfigurationPlatforms) = postSolution
		{3B7DBE46-8B2D-F9FE-13DF-9B4A4185E4FE}.Debug|Any CPU.ActiveCfg = Debug|Any CPU
		{3B7DBE46-8B2D-F9FE-13DF-9B4A4185E4FE}.Debug|Any CPU.Build.0 = Debug|Any CPU
		{3B7DBE46-8B2D-F9FE-13DF-9B4A4185E4FE}.Release|Any CPU.ActiveCfg = Release|Any CPU
		{3B7DBE46-8B2D-F9FE-13DF-9B4A4185E4FE}.Release|Any CPU.Build.0 = Release|Any CPU
		{4CC45BC4-A935-2725-936D-E915181AEB8D}.Debug|Any CPU.ActiveCfg = Debug|Any CPU
		{4CC45BC4-A935-2725-936D-E915181AEB8D}.Debug|Any CPU.Build.0 = Debug|Any CPU
		{4CC45BC4-A935-2725-936D-E915181AEB8D}.Release|Any CPU.ActiveCfg = Release|Any CPU
		{4CC45BC4-A935-2725-936D-E915181AEB8D}.Release|Any CPU.Build.0 = Release|Any CPU
		{2714DAEA-70C5-83A7-BB79-18F8ABA069B2}.Debug|Any CPU.ActiveCfg = Debug|Any CPU
		{2714DAEA-70C5-83A7-BB79-18F8ABA069B2}.Debug|Any CPU.Build.0 = Debug|Any CPU
		{2714DAEA-70C5-83A7-BB79-18F8ABA069B2}.Release|Any CPU.ActiveCfg = Release|Any CPU
		{2714DAEA-70C5-83A7-BB79-18F8ABA069B2}.Release|Any CPU.Build.0 = Release|Any CPU
		{FC9201F3-1E17-10BA-AFD0-47A56F0DE485}.Debug|Any CPU.ActiveCfg = Debug|Any CPU
		{FC9201F3-1E17-10BA-AFD0-47A56F0DE485}.Debug|Any CPU.Build.0 = Debug|Any CPU
		{FC9201F3-1E17-10BA-AFD0-47A56F0DE485}.Release|Any CPU.ActiveCfg = Release|Any CPU
		{FC9201F3-1E17-10BA-AFD0-47A56F0DE485}.Release|Any CPU.Build.0 = Release|Any CPU
		{E697448C-8D46-6714-3E4F-0DA9C315D3F5}.Debug|Any CPU.ActiveCfg = Debug|Any CPU
		{E697448C-8D46-6714-3E4F-0DA9C315D3F5}.Debug|Any CPU.Build.0 = Debug|Any CPU
		{E697448C-8D46-6714-3E4F-0DA9C315D3F5}.Release|Any CPU.ActiveCfg = Release|Any CPU
		{E697448C-8D46-6714-3E4F-0DA9C315D3F5}.Release|Any CPU.Build.0 = Release|Any CPU
		{DD00A031-7BD3-8783-C338-B7D0C5B55FBB}.Debug|Any CPU.ActiveCfg = Debug|Any CPU
		{DD00A031-7BD3-8783-C338-B7D0C5B55FBB}.Debug|Any CPU.Build.0 = Debug|Any CPU
		{DD00A031-7BD3-8783-C338-B7D0C5B55FBB}.Release|Any CPU.ActiveCfg = Release|Any CPU
		{DD00A031-7BD3-8783-C338-B7D0C5B55FBB}.Release|Any CPU.Build.0 = Release|Any CPU
		{18AE4E2F-AA4D-5239-0D05-DF36442FE62F}.Debug|Any CPU.ActiveCfg = Debug|Any CPU
		{18AE4E2F-AA4D-5239-0D05-DF36442FE62F}.Debug|Any CPU.Build.0 = Debug|Any CPU
		{18AE4E2F-AA4D-5239-0D05-DF36442FE62F}.Release|Any CPU.ActiveCfg = Release|Any CPU
		{18AE4E2F-AA4D-5239-0D05-DF36442FE62F}.Release|Any CPU.Build.0 = Release|Any CPU
		{0AB05AE4-912A-62B4-62DC-881B79A732D2}.Debug|Any CPU.ActiveCfg = Debug|Any CPU
		{0AB05AE4-912A-62B4-62DC-881B79A732D2}.Debug|Any CPU.Build.0 = Debug|Any CPU
		{0AB05AE4-912A-62B4-62DC-881B79A732D2}.Release|Any CPU.ActiveCfg = Release|Any CPU
		{0AB05AE4-912A-62B4-62DC-881B79A732D2}.Release|Any CPU.Build.0 = Release|Any CPU
		{84A2D35D-9C4D-E525-345C-90E7782D91E5}.Debug|Any CPU.ActiveCfg = Debug|Any CPU
		{84A2D35D-9C4D-E525-345C-90E7782D91E5}.Debug|Any CPU.Build.0 = Debug|Any CPU
		{84A2D35D-9C4D-E525-345C-90E7782D91E5}.Release|Any CPU.ActiveCfg = Release|Any CPU
		{84A2D35D-9C4D-E525-345C-90E7782D91E5}.Release|Any CPU.Build.0 = Release|Any CPU
		{902F61F3-3D85-0C83-2E1F-688E7E22E3C3}.Debug|Any CPU.ActiveCfg = Debug|Any CPU
		{902F61F3-3D85-0C83-2E1F-688E7E22E3C3}.Debug|Any CPU.Build.0 = Debug|Any CPU
		{902F61F3-3D85-0C83-2E1F-688E7E22E3C3}.Release|Any CPU.ActiveCfg = Release|Any CPU
		{902F61F3-3D85-0C83-2E1F-688E7E22E3C3}.Release|Any CPU.Build.0 = Release|Any CPU
		{096D34D8-CD71-1DFC-FADF-D8595E1496E5}.Debug|Any CPU.ActiveCfg = Debug|Any CPU
		{096D34D8-CD71-1DFC-FADF-D8595E1496E5}.Debug|Any CPU.Build.0 = Debug|Any CPU
		{096D34D8-CD71-1DFC-FADF-D8595E1496E5}.Release|Any CPU.ActiveCfg = Release|Any CPU
		{096D34D8-CD71-1DFC-FADF-D8595E1496E5}.Release|Any CPU.Build.0 = Release|Any CPU
		{852A2F28-D6A4-D081-2D9F-672233399557}.Debug|Any CPU.ActiveCfg = Debug|Any CPU
		{852A2F28-D6A4-D081-2D9F-672233399557}.Debug|Any CPU.Build.0 = Debug|Any CPU
		{852A2F28-D6A4-D081-2D9F-672233399557}.Release|Any CPU.ActiveCfg = Release|Any CPU
		{852A2F28-D6A4-D081-2D9F-672233399557}.Release|Any CPU.Build.0 = Release|Any CPU
		{8AEDBAEA-7AA9-2CD2-BDF7-EFC023AA9731}.Debug|Any CPU.ActiveCfg = Debug|Any CPU
		{8AEDBAEA-7AA9-2CD2-BDF7-EFC023AA9731}.Debug|Any CPU.Build.0 = Debug|Any CPU
		{8AEDBAEA-7AA9-2CD2-BDF7-EFC023AA9731}.Release|Any CPU.ActiveCfg = Release|Any CPU
		{8AEDBAEA-7AA9-2CD2-BDF7-EFC023AA9731}.Release|Any CPU.Build.0 = Release|Any CPU
		{A4641CB4-E354-24C1-D69D-BB3AF7B74895}.Debug|Any CPU.ActiveCfg = Debug|Any CPU
		{A4641CB4-E354-24C1-D69D-BB3AF7B74895}.Debug|Any CPU.Build.0 = Debug|Any CPU
		{A4641CB4-E354-24C1-D69D-BB3AF7B74895}.Release|Any CPU.ActiveCfg = Release|Any CPU
		{A4641CB4-E354-24C1-D69D-BB3AF7B74895}.Release|Any CPU.Build.0 = Release|Any CPU
		{008B63B0-4DB3-7088-A2BD-1C699F0198F3}.Debug|Any CPU.ActiveCfg = Debug|Any CPU
		{008B63B0-4DB3-7088-A2BD-1C699F0198F3}.Debug|Any CPU.Build.0 = Debug|Any CPU
		{008B63B0-4DB3-7088-A2BD-1C699F0198F3}.Release|Any CPU.ActiveCfg = Release|Any CPU
		{008B63B0-4DB3-7088-A2BD-1C699F0198F3}.Release|Any CPU.Build.0 = Release|Any CPU
		{491A9FF2-4984-6BBB-7D0E-867E29534F0C}.Debug|Any CPU.ActiveCfg = Debug|Any CPU
		{491A9FF2-4984-6BBB-7D0E-867E29534F0C}.Debug|Any CPU.Build.0 = Debug|Any CPU
		{491A9FF2-4984-6BBB-7D0E-867E29534F0C}.Release|Any CPU.ActiveCfg = Release|Any CPU
		{491A9FF2-4984-6BBB-7D0E-867E29534F0C}.Release|Any CPU.Build.0 = Release|Any CPU
		{591BB3AE-4D05-54D3-71DE-CBCB9E094325}.Debug|Any CPU.ActiveCfg = Debug|Any CPU
		{591BB3AE-4D05-54D3-71DE-CBCB9E094325}.Debug|Any CPU.Build.0 = Debug|Any CPU
		{591BB3AE-4D05-54D3-71DE-CBCB9E094325}.Release|Any CPU.ActiveCfg = Release|Any CPU
		{591BB3AE-4D05-54D3-71DE-CBCB9E094325}.Release|Any CPU.Build.0 = Release|Any CPU
		{EC6E1A92-422E-6141-8E05-B5F83FEBA018}.Debug|Any CPU.ActiveCfg = Debug|Any CPU
		{EC6E1A92-422E-6141-8E05-B5F83FEBA018}.Debug|Any CPU.Build.0 = Debug|Any CPU
		{EC6E1A92-422E-6141-8E05-B5F83FEBA018}.Release|Any CPU.ActiveCfg = Release|Any CPU
		{EC6E1A92-422E-6141-8E05-B5F83FEBA018}.Release|Any CPU.Build.0 = Release|Any CPU
		{ADF1CDC0-7DFE-240E-3834-99B5C485B410}.Debug|Any CPU.ActiveCfg = Debug|Any CPU
		{ADF1CDC0-7DFE-240E-3834-99B5C485B410}.Debug|Any CPU.Build.0 = Debug|Any CPU
		{ADF1CDC0-7DFE-240E-3834-99B5C485B410}.Release|Any CPU.ActiveCfg = Release|Any CPU
		{ADF1CDC0-7DFE-240E-3834-99B5C485B410}.Release|Any CPU.Build.0 = Release|Any CPU
		{5BBF3339-3637-E11D-FD1B-187F5E163CB1}.Debug|Any CPU.ActiveCfg = Debug|Any CPU
		{5BBF3339-3637-E11D-FD1B-187F5E163CB1}.Debug|Any CPU.Build.0 = Debug|Any CPU
		{5BBF3339-3637-E11D-FD1B-187F5E163CB1}.Release|Any CPU.ActiveCfg = Release|Any CPU
		{5BBF3339-3637-E11D-FD1B-187F5E163CB1}.Release|Any CPU.Build.0 = Release|Any CPU
		{7019C3B0-BB99-704B-6A3B-C7E3CAE322F8}.Debug|Any CPU.ActiveCfg = Debug|Any CPU
		{7019C3B0-BB99-704B-6A3B-C7E3CAE322F8}.Debug|Any CPU.Build.0 = Debug|Any CPU
		{7019C3B0-BB99-704B-6A3B-C7E3CAE322F8}.Release|Any CPU.ActiveCfg = Release|Any CPU
		{7019C3B0-BB99-704B-6A3B-C7E3CAE322F8}.Release|Any CPU.Build.0 = Release|Any CPU
		{B31AC34F-08CE-4283-AE71-C7A3A91C6223}.Debug|Any CPU.ActiveCfg = Debug|Any CPU
		{B31AC34F-08CE-4283-AE71-C7A3A91C6223}.Debug|Any CPU.Build.0 = Debug|Any CPU
		{B31AC34F-08CE-4283-AE71-C7A3A91C6223}.Release|Any CPU.ActiveCfg = Release|Any CPU
		{B31AC34F-08CE-4283-AE71-C7A3A91C6223}.Release|Any CPU.Build.0 = Release|Any CPU
		{40ABE856-BB8C-742F-33D5-A7C7F119050F}.Debug|Any CPU.ActiveCfg = Debug|Any CPU
		{40ABE856-BB8C-742F-33D5-A7C7F119050F}.Debug|Any CPU.Build.0 = Debug|Any CPU
		{40ABE856-BB8C-742F-33D5-A7C7F119050F}.Release|Any CPU.ActiveCfg = Release|Any CPU
		{40ABE856-BB8C-742F-33D5-A7C7F119050F}.Release|Any CPU.Build.0 = Release|Any CPU
		{BB430DB5-3040-5927-2454-7193F25EE39F}.Debug|Any CPU.ActiveCfg = Debug|Any CPU
		{BB430DB5-3040-5927-2454-7193F25EE39F}.Debug|Any CPU.Build.0 = Debug|Any CPU
		{BB430DB5-3040-5927-2454-7193F25EE39F}.Release|Any CPU.ActiveCfg = Release|Any CPU
		{BB430DB5-3040-5927-2454-7193F25EE39F}.Release|Any CPU.Build.0 = Release|Any CPU
		{B157401E-8FD3-0A89-518A-CED6FF0F2BB7}.Debug|Any CPU.ActiveCfg = Debug|Any CPU
		{B157401E-8FD3-0A89-518A-CED6FF0F2BB7}.Debug|Any CPU.Build.0 = Debug|Any CPU
		{B157401E-8FD3-0A89-518A-CED6FF0F2BB7}.Release|Any CPU.ActiveCfg = Release|Any CPU
		{B157401E-8FD3-0A89-518A-CED6FF0F2BB7}.Release|Any CPU.Build.0 = Release|Any CPU
		{9AE80CEF-AECE-7FCD-F0E3-1255C1BF78EF}.Debug|Any CPU.ActiveCfg = Debug|Any CPU
		{9AE80CEF-AECE-7FCD-F0E3-1255C1BF78EF}.Debug|Any CPU.Build.0 = Debug|Any CPU
		{9AE80CEF-AECE-7FCD-F0E3-1255C1BF78EF}.Release|Any CPU.ActiveCfg = Release|Any CPU
		{9AE80CEF-AECE-7FCD-F0E3-1255C1BF78EF}.Release|Any CPU.Build.0 = Release|Any CPU
		{AE08579D-60F6-57CA-CEB6-8A17BB6B5FCB}.Debug|Any CPU.ActiveCfg = Debug|Any CPU
		{AE08579D-60F6-57CA-CEB6-8A17BB6B5FCB}.Debug|Any CPU.Build.0 = Debug|Any CPU
		{AE08579D-60F6-57CA-CEB6-8A17BB6B5FCB}.Release|Any CPU.ActiveCfg = Release|Any CPU
		{AE08579D-60F6-57CA-CEB6-8A17BB6B5FCB}.Release|Any CPU.Build.0 = Release|Any CPU
		{F6159548-4A5A-44A9-F68B-79385DCDEFE1}.Debug|Any CPU.ActiveCfg = Debug|Any CPU
		{F6159548-4A5A-44A9-F68B-79385DCDEFE1}.Debug|Any CPU.Build.0 = Debug|Any CPU
		{F6159548-4A5A-44A9-F68B-79385DCDEFE1}.Release|Any CPU.ActiveCfg = Release|Any CPU
		{F6159548-4A5A-44A9-F68B-79385DCDEFE1}.Release|Any CPU.Build.0 = Release|Any CPU
		{1A1D8174-1354-8CF3-860A-1F332AD02F7A}.Debug|Any CPU.ActiveCfg = Debug|Any CPU
		{1A1D8174-1354-8CF3-860A-1F332AD02F7A}.Debug|Any CPU.Build.0 = Debug|Any CPU
		{1A1D8174-1354-8CF3-860A-1F332AD02F7A}.Release|Any CPU.ActiveCfg = Release|Any CPU
		{1A1D8174-1354-8CF3-860A-1F332AD02F7A}.Release|Any CPU.Build.0 = Release|Any CPU
		{CF386633-A073-8B61-7461-4A409923B080}.Debug|Any CPU.ActiveCfg = Debug|Any CPU
		{CF386633-A073-8B61-7461-4A409923B080}.Debug|Any CPU.Build.0 = Debug|Any CPU
		{CF386633-A073-8B61-7461-4A409923B080}.Release|Any CPU.ActiveCfg = Release|Any CPU
		{CF386633-A073-8B61-7461-4A409923B080}.Release|Any CPU.Build.0 = Release|Any CPU
		{4E73E33B-82BC-19D9-39A6-C912B16A1DB9}.Debug|Any CPU.ActiveCfg = Debug|Any CPU
		{4E73E33B-82BC-19D9-39A6-C912B16A1DB9}.Debug|Any CPU.Build.0 = Debug|Any CPU
		{4E73E33B-82BC-19D9-39A6-C912B16A1DB9}.Release|Any CPU.ActiveCfg = Release|Any CPU
		{4E73E33B-82BC-19D9-39A6-C912B16A1DB9}.Release|Any CPU.Build.0 = Release|Any CPU
		{CE3C41A3-67F4-1EFF-4B4D-9B03A803C07A}.Debug|Any CPU.ActiveCfg = Debug|Any CPU
		{CE3C41A3-67F4-1EFF-4B4D-9B03A803C07A}.Debug|Any CPU.Build.0 = Debug|Any CPU
		{CE3C41A3-67F4-1EFF-4B4D-9B03A803C07A}.Release|Any CPU.ActiveCfg = Release|Any CPU
		{CE3C41A3-67F4-1EFF-4B4D-9B03A803C07A}.Release|Any CPU.Build.0 = Release|Any CPU
		{69C17B26-65CA-CBBB-244D-775752E09CB8}.Debug|Any CPU.ActiveCfg = Debug|Any CPU
		{69C17B26-65CA-CBBB-244D-775752E09CB8}.Debug|Any CPU.Build.0 = Debug|Any CPU
		{69C17B26-65CA-CBBB-244D-775752E09CB8}.Release|Any CPU.ActiveCfg = Release|Any CPU
		{69C17B26-65CA-CBBB-244D-775752E09CB8}.Release|Any CPU.Build.0 = Release|Any CPU
		{37E1E444-DE75-CFE0-CD75-D4AAA9BFE65A}.Debug|Any CPU.ActiveCfg = Debug|Any CPU
		{37E1E444-DE75-CFE0-CD75-D4AAA9BFE65A}.Debug|Any CPU.Build.0 = Debug|Any CPU
		{37E1E444-DE75-CFE0-CD75-D4AAA9BFE65A}.Release|Any CPU.ActiveCfg = Release|Any CPU
		{37E1E444-DE75-CFE0-CD75-D4AAA9BFE65A}.Release|Any CPU.Build.0 = Release|Any CPU
		{FC9D9AAF-A800-1F9E-0C6B-29E3A482F4E6}.Debug|Any CPU.ActiveCfg = Debug|Any CPU
		{FC9D9AAF-A800-1F9E-0C6B-29E3A482F4E6}.Debug|Any CPU.Build.0 = Debug|Any CPU
		{FC9D9AAF-A800-1F9E-0C6B-29E3A482F4E6}.Release|Any CPU.ActiveCfg = Release|Any CPU
		{FC9D9AAF-A800-1F9E-0C6B-29E3A482F4E6}.Release|Any CPU.Build.0 = Release|Any CPU
		{2B37E0D2-5A8E-5911-B6E4-EA380205C2F4}.Debug|Any CPU.ActiveCfg = Debug|Any CPU
		{2B37E0D2-5A8E-5911-B6E4-EA380205C2F4}.Debug|Any CPU.Build.0 = Debug|Any CPU
		{2B37E0D2-5A8E-5911-B6E4-EA380205C2F4}.Release|Any CPU.ActiveCfg = Release|Any CPU
		{2B37E0D2-5A8E-5911-B6E4-EA380205C2F4}.Release|Any CPU.Build.0 = Release|Any CPU
		{34F1713D-6CFC-6C71-4FB5-BAE6AB7B6CDE}.Debug|Any CPU.ActiveCfg = Debug|Any CPU
		{34F1713D-6CFC-6C71-4FB5-BAE6AB7B6CDE}.Debug|Any CPU.Build.0 = Debug|Any CPU
		{34F1713D-6CFC-6C71-4FB5-BAE6AB7B6CDE}.Release|Any CPU.ActiveCfg = Release|Any CPU
		{34F1713D-6CFC-6C71-4FB5-BAE6AB7B6CDE}.Release|Any CPU.Build.0 = Release|Any CPU
		{0DD8B726-F894-3E3F-5B53-27CF16087640}.Debug|Any CPU.ActiveCfg = Debug|Any CPU
		{0DD8B726-F894-3E3F-5B53-27CF16087640}.Debug|Any CPU.Build.0 = Debug|Any CPU
		{0DD8B726-F894-3E3F-5B53-27CF16087640}.Release|Any CPU.ActiveCfg = Release|Any CPU
		{0DD8B726-F894-3E3F-5B53-27CF16087640}.Release|Any CPU.Build.0 = Release|Any CPU
		{EBC10995-1079-5D49-4C50-B8A129742395}.Debug|Any CPU.ActiveCfg = Debug|Any CPU
		{EBC10995-1079-5D49-4C50-B8A129742395}.Debug|Any CPU.Build.0 = Debug|Any CPU
		{EBC10995-1079-5D49-4C50-B8A129742395}.Release|Any CPU.ActiveCfg = Release|Any CPU
		{EBC10995-1079-5D49-4C50-B8A129742395}.Release|Any CPU.Build.0 = Release|Any CPU
		{FF330CFF-5464-040C-A6D0-A5C0CA742B2B}.Debug|Any CPU.ActiveCfg = Debug|Any CPU
		{FF330CFF-5464-040C-A6D0-A5C0CA742B2B}.Debug|Any CPU.Build.0 = Debug|Any CPU
		{FF330CFF-5464-040C-A6D0-A5C0CA742B2B}.Release|Any CPU.ActiveCfg = Release|Any CPU
		{FF330CFF-5464-040C-A6D0-A5C0CA742B2B}.Release|Any CPU.Build.0 = Release|Any CPU
		{8EECBDE8-A47D-F6A6-BF8B-3D6CF6BBAF6C}.Debug|Any CPU.ActiveCfg = Debug|Any CPU
		{8EECBDE8-A47D-F6A6-BF8B-3D6CF6BBAF6C}.Debug|Any CPU.Build.0 = Debug|Any CPU
		{8EECBDE8-A47D-F6A6-BF8B-3D6CF6BBAF6C}.Release|Any CPU.ActiveCfg = Release|Any CPU
		{8EECBDE8-A47D-F6A6-BF8B-3D6CF6BBAF6C}.Release|Any CPU.Build.0 = Release|Any CPU
		{49584741-3DEC-2E26-ECEA-595DBDF06DE1}.Debug|Any CPU.ActiveCfg = Debug|Any CPU
		{49584741-3DEC-2E26-ECEA-595DBDF06DE1}.Debug|Any CPU.Build.0 = Debug|Any CPU
		{49584741-3DEC-2E26-ECEA-595DBDF06DE1}.Release|Any CPU.ActiveCfg = Release|Any CPU
		{49584741-3DEC-2E26-ECEA-595DBDF06DE1}.Release|Any CPU.Build.0 = Release|Any CPU
		{ECF3AF9E-A2BF-E6EE-BACF-3A2799C4B664}.Debug|Any CPU.ActiveCfg = Debug|Any CPU
		{ECF3AF9E-A2BF-E6EE-BACF-3A2799C4B664}.Debug|Any CPU.Build.0 = Debug|Any CPU
		{ECF3AF9E-A2BF-E6EE-BACF-3A2799C4B664}.Release|Any CPU.ActiveCfg = Release|Any CPU
		{ECF3AF9E-A2BF-E6EE-BACF-3A2799C4B664}.Release|Any CPU.Build.0 = Release|Any CPU
		{95E19D6D-222F-4174-537F-67CACEAFD569}.Debug|Any CPU.ActiveCfg = Debug|Any CPU
		{95E19D6D-222F-4174-537F-67CACEAFD569}.Debug|Any CPU.Build.0 = Debug|Any CPU
		{95E19D6D-222F-4174-537F-67CACEAFD569}.Release|Any CPU.ActiveCfg = Release|Any CPU
		{95E19D6D-222F-4174-537F-67CACEAFD569}.Release|Any CPU.Build.0 = Release|Any CPU
		{A061F763-11A0-E174-9167-3C469F118CAF}.Debug|Any CPU.ActiveCfg = Debug|Any CPU
		{A061F763-11A0-E174-9167-3C469F118CAF}.Debug|Any CPU.Build.0 = Debug|Any CPU
		{A061F763-11A0-E174-9167-3C469F118CAF}.Release|Any CPU.ActiveCfg = Release|Any CPU
		{A061F763-11A0-E174-9167-3C469F118CAF}.Release|Any CPU.Build.0 = Release|Any CPU
		{5DE5F615-4106-AE9D-EABE-961B35B46430}.Debug|Any CPU.ActiveCfg = Debug|Any CPU
		{5DE5F615-4106-AE9D-EABE-961B35B46430}.Debug|Any CPU.Build.0 = Debug|Any CPU
		{5DE5F615-4106-AE9D-EABE-961B35B46430}.Release|Any CPU.ActiveCfg = Release|Any CPU
		{5DE5F615-4106-AE9D-EABE-961B35B46430}.Release|Any CPU.Build.0 = Release|Any CPU
		{82533018-07F0-275F-46BF-CA0BA3794178}.Debug|Any CPU.ActiveCfg = Debug|Any CPU
		{82533018-07F0-275F-46BF-CA0BA3794178}.Debug|Any CPU.Build.0 = Debug|Any CPU
		{82533018-07F0-275F-46BF-CA0BA3794178}.Release|Any CPU.ActiveCfg = Release|Any CPU
		{82533018-07F0-275F-46BF-CA0BA3794178}.Release|Any CPU.Build.0 = Release|Any CPU
		{45C2D20C-B596-3913-46BC-9A5579CD0AFE}.Debug|Any CPU.ActiveCfg = Debug|Any CPU
		{45C2D20C-B596-3913-46BC-9A5579CD0AFE}.Debug|Any CPU.Build.0 = Debug|Any CPU
		{45C2D20C-B596-3913-46BC-9A5579CD0AFE}.Release|Any CPU.ActiveCfg = Release|Any CPU
		{45C2D20C-B596-3913-46BC-9A5579CD0AFE}.Release|Any CPU.Build.0 = Release|Any CPU
		{AF4BF2B0-7A3C-5D2E-10D1-73F1BE7F73C4}.Debug|Any CPU.ActiveCfg = Debug|Any CPU
		{AF4BF2B0-7A3C-5D2E-10D1-73F1BE7F73C4}.Debug|Any CPU.Build.0 = Debug|Any CPU
		{AF4BF2B0-7A3C-5D2E-10D1-73F1BE7F73C4}.Release|Any CPU.ActiveCfg = Release|Any CPU
		{AF4BF2B0-7A3C-5D2E-10D1-73F1BE7F73C4}.Release|Any CPU.Build.0 = Release|Any CPU
		{3AC29E35-9178-EA8D-3AC0-C6CB3CEA36A0}.Debug|Any CPU.ActiveCfg = Debug|Any CPU
		{3AC29E35-9178-EA8D-3AC0-C6CB3CEA36A0}.Debug|Any CPU.Build.0 = Debug|Any CPU
		{3AC29E35-9178-EA8D-3AC0-C6CB3CEA36A0}.Release|Any CPU.ActiveCfg = Release|Any CPU
		{3AC29E35-9178-EA8D-3AC0-C6CB3CEA36A0}.Release|Any CPU.Build.0 = Release|Any CPU
		{F422927C-8C7F-18CB-E3EA-F2B9A1A32DE6}.Debug|Any CPU.ActiveCfg = Debug|Any CPU
		{F422927C-8C7F-18CB-E3EA-F2B9A1A32DE6}.Debug|Any CPU.Build.0 = Debug|Any CPU
		{F422927C-8C7F-18CB-E3EA-F2B9A1A32DE6}.Release|Any CPU.ActiveCfg = Release|Any CPU
		{F422927C-8C7F-18CB-E3EA-F2B9A1A32DE6}.Release|Any CPU.Build.0 = Release|Any CPU
		{46A2260F-F5E7-0128-051A-860F90DB29D5}.Debug|Any CPU.ActiveCfg = Debug|Any CPU
		{46A2260F-F5E7-0128-051A-860F90DB29D5}.Debug|Any CPU.Build.0 = Debug|Any CPU
		{46A2260F-F5E7-0128-051A-860F90DB29D5}.Release|Any CPU.ActiveCfg = Release|Any CPU
		{46A2260F-F5E7-0128-051A-860F90DB29D5}.Release|Any CPU.Build.0 = Release|Any CPU
		{B03F59F2-D580-10D8-A6ED-43276D7CF61E}.Debug|Any CPU.ActiveCfg = Debug|Any CPU
		{B03F59F2-D580-10D8-A6ED-43276D7CF61E}.Debug|Any CPU.Build.0 = Debug|Any CPU
		{B03F59F2-D580-10D8-A6ED-43276D7CF61E}.Release|Any CPU.ActiveCfg = Release|Any CPU
		{B03F59F2-D580-10D8-A6ED-43276D7CF61E}.Release|Any CPU.Build.0 = Release|Any CPU
		{39D21167-6147-5386-4CA0-6B6768ADC5F6}.Debug|Any CPU.ActiveCfg = Debug|Any CPU
		{39D21167-6147-5386-4CA0-6B6768ADC5F6}.Debug|Any CPU.Build.0 = Debug|Any CPU
		{39D21167-6147-5386-4CA0-6B6768ADC5F6}.Release|Any CPU.ActiveCfg = Release|Any CPU
		{39D21167-6147-5386-4CA0-6B6768ADC5F6}.Release|Any CPU.Build.0 = Release|Any CPU
		{561126DA-0EE2-8A79-186C-88535ADC26D6}.Debug|Any CPU.ActiveCfg = Debug|Any CPU
		{561126DA-0EE2-8A79-186C-88535ADC26D6}.Debug|Any CPU.Build.0 = Debug|Any CPU
		{561126DA-0EE2-8A79-186C-88535ADC26D6}.Release|Any CPU.ActiveCfg = Release|Any CPU
		{561126DA-0EE2-8A79-186C-88535ADC26D6}.Release|Any CPU.Build.0 = Release|Any CPU
		{FC7DF374-32A8-D573-A854-BD3835E645FC}.Debug|Any CPU.ActiveCfg = Debug|Any CPU
		{FC7DF374-32A8-D573-A854-BD3835E645FC}.Debug|Any CPU.Build.0 = Debug|Any CPU
		{FC7DF374-32A8-D573-A854-BD3835E645FC}.Release|Any CPU.ActiveCfg = Release|Any CPU
		{FC7DF374-32A8-D573-A854-BD3835E645FC}.Release|Any CPU.Build.0 = Release|Any CPU
		{DCA71D16-4793-292D-EC68-D876253CCEB7}.Debug|Any CPU.ActiveCfg = Debug|Any CPU
		{DCA71D16-4793-292D-EC68-D876253CCEB7}.Debug|Any CPU.Build.0 = Debug|Any CPU
		{DCA71D16-4793-292D-EC68-D876253CCEB7}.Release|Any CPU.ActiveCfg = Release|Any CPU
		{DCA71D16-4793-292D-EC68-D876253CCEB7}.Release|Any CPU.Build.0 = Release|Any CPU
		{26BECE8B-5040-EE0C-ADFC-391BEE6E21B9}.Debug|Any CPU.ActiveCfg = Debug|Any CPU
		{26BECE8B-5040-EE0C-ADFC-391BEE6E21B9}.Debug|Any CPU.Build.0 = Debug|Any CPU
		{26BECE8B-5040-EE0C-ADFC-391BEE6E21B9}.Release|Any CPU.ActiveCfg = Release|Any CPU
		{26BECE8B-5040-EE0C-ADFC-391BEE6E21B9}.Release|Any CPU.Build.0 = Release|Any CPU
		{3D44C4C8-404E-51AD-4960-BF33F1F1F543}.Debug|Any CPU.ActiveCfg = Debug|Any CPU
		{3D44C4C8-404E-51AD-4960-BF33F1F1F543}.Debug|Any CPU.Build.0 = Debug|Any CPU
		{3D44C4C8-404E-51AD-4960-BF33F1F1F543}.Release|Any CPU.ActiveCfg = Release|Any CPU
		{3D44C4C8-404E-51AD-4960-BF33F1F1F543}.Release|Any CPU.Build.0 = Release|Any CPU
		{5D12A12A-4D61-AED6-975D-9FD314734879}.Debug|Any CPU.ActiveCfg = Debug|Any CPU
		{5D12A12A-4D61-AED6-975D-9FD314734879}.Debug|Any CPU.Build.0 = Debug|Any CPU
		{5D12A12A-4D61-AED6-975D-9FD314734879}.Release|Any CPU.ActiveCfg = Release|Any CPU
		{5D12A12A-4D61-AED6-975D-9FD314734879}.Release|Any CPU.Build.0 = Release|Any CPU
		{F6FE8DB8-7ACA-190D-788B-BACF1393977B}.Debug|Any CPU.ActiveCfg = Debug|Any CPU
		{F6FE8DB8-7ACA-190D-788B-BACF1393977B}.Debug|Any CPU.Build.0 = Debug|Any CPU
		{F6FE8DB8-7ACA-190D-788B-BACF1393977B}.Release|Any CPU.ActiveCfg = Release|Any CPU
		{F6FE8DB8-7ACA-190D-788B-BACF1393977B}.Release|Any CPU.Build.0 = Release|Any CPU
	EndGlobalSection
	GlobalSection(SolutionProperties) = preSolution
		HideSolutionNode = FALSE
	EndGlobalSection
EndGlobal
